{
  "nodes": {
    "nixpkgs": {
      "locked": {
        "lastModified": 1712192574,
        "narHash": "sha256-LbbVOliJKTF4Zl2b9salumvdMXuQBr2kuKP5+ZwbYq4=",
        "owner": "NixOS",
        "repo": "nixpkgs",
        "rev": "f480f9d09e4b4cf87ee6151eba068197125714de",
        "type": "github"
      },
      "original": {
        "owner": "NixOS",
        "ref": "nixpkgs-unstable",
        "repo": "nixpkgs",
        "type": "github"
      }
    },
    "root": {
      "inputs": {
        "nixpkgs": "nixpkgs",
        "zmk-nix": "zmk-nix"
      }
    },
    "zmk-nix": {
      "inputs": {
        "nixpkgs": [
          "nixpkgs"
        ]
      },
      "locked": {
        "lastModified": 1711844966,
        "narHash": "sha256-cwmpX8sKUjMKIA+MmkWPwYJGFRHZbpuW0HaM41GhxbQ=",
        "owner": "lilyinstarlight",
        "repo": "zmk-nix",
        "rev": "21fde915652662ac883d22881537f40a1ce82014",
        "type": "github"
      },
      "original": {
        "owner": "lilyinstarlight",
        "repo": "zmk-nix",
        "type": "github"
      }
    }
  },
  "root": "root",
  "version": 7
}
