{
  "nodes": {
    "nixpkgs": {
      "locked": {
        "lastModified": 1712449641,
        "narHash": "sha256-U9DDWMexN6o5Td2DznEgguh8TRIUnIl9levmit43GcI=",
        "owner": "NixOS",
        "repo": "nixpkgs",
        "rev": "600b15aea1b36eeb43833a50b0e96579147099ff",
        "type": "github"
      },
      "original": {
        "owner": "NixOS",
        "ref": "nixpkgs-unstable",
        "repo": "nixpkgs",
        "type": "github"
      }
    },
    "root": {
      "inputs": {
        "nixpkgs": "nixpkgs",
        "zmk-nix": "zmk-nix"
      }
    },
    "zmk-nix": {
      "inputs": {
        "nixpkgs": [
          "nixpkgs"
        ]
      },
      "locked": {
        "lastModified": 1712416482,
        "narHash": "sha256-/+TnWPSDAvUYrVn8gJyBvn22c51b/1fJiGa6OMAkDvk=",
        "owner": "delabere",
        "repo": "zmk-nix",
        "rev": "115ef77223a268926c59b678135df4f28d9930f7",
        "type": "github"
      },
      "original": {
        "owner": "delabere",
        "ref": "fix-building-on-darwin",
        "repo": "zmk-nix",
        "type": "github"
      }
    }
  },
  "root": "root",
  "version": 7
}
