{
  "nodes": {
    "nixpkgs": {
      "locked": {
        "lastModified": 1712482522,
        "narHash": "sha256-Ai/xNgZpbwGcw0TSXwEPwwbPi8Iu906sB9M9z3o6UgA=",
        "owner": "NixOS",
        "repo": "nixpkgs",
        "rev": "efe8ce06ca261f370d672def5b1e0be300c726e1",
        "type": "github"
      },
      "original": {
        "owner": "NixOS",
        "ref": "nixpkgs-unstable",
        "repo": "nixpkgs",
        "type": "github"
      }
    },
    "root": {
      "inputs": {
        "nixpkgs": "nixpkgs",
        "zmk-nix": "zmk-nix"
      }
    },
    "zmk-nix": {
      "inputs": {
        "nixpkgs": [
          "nixpkgs"
        ]
      },
      "locked": {
        "lastModified": 1712514822,
        "narHash": "sha256-yxb3vg1Z8KY3ZpckOUipz6hDgUfy0iRKCNMlwyWQDR8=",
        "owner": "delabere",
        "repo": "zmk-nix",
        "rev": "4b01c95fe0472bf2e2401851c4ae337e16123c8e",
        "type": "github"
      },
      "original": {
        "owner": "delabere",
        "ref": "fix-building-on-darwin",
        "repo": "zmk-nix",
        "type": "github"
      }
    }
  },
  "root": "root",
  "version": 7
}
